
Microsoft Visual Studio Solution File, Format Version 12.00
# Visual Studio Version 16
VisualStudioVersion = 16.0.31424.327
MinimumVisualStudioVersion = 10.0.40219.1
Project("{FAE04EC0-301F-11D3-BF4B-00C04F79EFBC}") = "Sam.Crm.BFF.Web", "Sam.Crm.BFF.Web\Sam.Crm.BFF.Web.csproj", "{2B9D1BC7-6998-486F-95D6-419C708FCB36}"
EndProject
Project("{2150E333-8FDC-42A3-9474-1A3956D46DE8}") = "src", "src", "{E8F0E3B5-ACBB-4E6E-B651-C30E8A449256}"
EndProject
Project("{2150E333-8FDC-42A3-9474-1A3956D46DE8}") = "1. Host", "1. Host", "{68962122-E4EC-46BE-BA87-A97EFD07E5C3}"
EndProject
Project("{2150E333-8FDC-42A3-9474-1A3956D46DE8}") = "sdk", "sdk", "{2EA2631C-AF89-42E6-88BB-6D60861C0A3F}"
EndProject
Project("{2150E333-8FDC-42A3-9474-1A3956D46DE8}") = "tests", "tests", "{7EF7BC8E-AA72-4006-947E-3DD26D22C4F3}"
EndProject
Project("{2150E333-8FDC-42A3-9474-1A3956D46DE8}") = "2. Core", "2. Core", "{5B07DB40-6B0B-4A47-AA36-C30F72BCA82F}"
EndProject
Project("{2150E333-8FDC-42A3-9474-1A3956D46DE8}") = "3. Plugins", "3. Plugins", "{25D1A5D6-C91E-4129-AFC6-0D2E039FA701}"
EndProject
Project("{2150E333-8FDC-42A3-9474-1A3956D46DE8}") = "4. Adapters", "4. Adapters", "{3D683F3B-6D70-42B2-B9E5-6CFBE2929F05}"
EndProject
Project("{FAE04EC0-301F-11D3-BF4B-00C04F79EFBC}") = "Sam.Crm.BFF.DataContracts", "Sam.Crm.BFF.DataContracts\Sam.Crm.BFF.DataContracts.csproj", "{A16BA6EE-54C7-41CA-BAFD-1A738E414306}"
EndProject
Project("{FAE04EC0-301F-11D3-BF4B-00C04F79EFBC}") = "Sam.Crm.BFF.Service", "Sam.Crm.BFF.Service\Sam.Crm.BFF.Service.csproj", "{7D00E1FE-2CBC-498F-AB4B-9A27EA5B4BDD}"
EndProject
Project("{FAE04EC0-301F-11D3-BF4B-00C04F79EFBC}") = "Sam.Crm.BFF.Common", "Sam.Crm.BFF.Common\Sam.Crm.BFF.Common.csproj", "{A07304D0-3DEB-421B-9B0D-29BB3187BDA2}"
EndProject
Project("{FAE04EC0-301F-11D3-BF4B-00C04F79EFBC}") = "Sam.Crm.BFF.Core", "Sam.Crm.BFF.Core\Sam.Crm.BFF.Core.csproj", "{A5828973-AB20-427E-B68C-B1DD1CEB9D13}"
EndProject
Project("{FAE04EC0-301F-11D3-BF4B-00C04F79EFBC}") = "Sam.Crm.BFF.Models", "Sam.Crm.BFF.Models\Sam.Crm.BFF.Models.csproj", "{6062A3BF-4C02-426A-A8A6-6D4D22829403}"
EndProject
Project("{FAE04EC0-301F-11D3-BF4B-00C04F79EFBC}") = "Sam.Crm.BFF.LoginService", "Sam.Crm.BFF.LoginService\Sam.Crm.BFF.LoginService.csproj", "{09757C9E-61E1-4643-9DD9-4C3E85C0BDA5}"
EndProject
Project("{FAE04EC0-301F-11D3-BF4B-00C04F79EFBC}") = "Sam.Crm.BFF.LoginAdapter", "Sam.Crm.BFF.LoginAdapter\Sam.Crm.BFF.LoginAdapter.csproj", "{249C0B7F-7C0F-4B57-BDF9-A3AC688FD9A3}"
EndProject
Global
	GlobalSection(SolutionConfigurationPlatforms) = preSolution
		Debug|Any CPU = Debug|Any CPU
		Release|Any CPU = Release|Any CPU
	EndGlobalSection
	GlobalSection(ProjectConfigurationPlatforms) = postSolution
		{2B9D1BC7-6998-486F-95D6-419C708FCB36}.Debug|Any CPU.ActiveCfg = Debug|Any CPU
		{2B9D1BC7-6998-486F-95D6-419C708FCB36}.Debug|Any CPU.Build.0 = Debug|Any CPU
		{2B9D1BC7-6998-486F-95D6-419C708FCB36}.Release|Any CPU.ActiveCfg = Release|Any CPU
		{2B9D1BC7-6998-486F-95D6-419C708FCB36}.Release|Any CPU.Build.0 = Release|Any CPU
		{A16BA6EE-54C7-41CA-BAFD-1A738E414306}.Debug|Any CPU.ActiveCfg = Debug|Any CPU
		{A16BA6EE-54C7-41CA-BAFD-1A738E414306}.Debug|Any CPU.Build.0 = Debug|Any CPU
		{A16BA6EE-54C7-41CA-BAFD-1A738E414306}.Release|Any CPU.ActiveCfg = Release|Any CPU
		{A16BA6EE-54C7-41CA-BAFD-1A738E414306}.Release|Any CPU.Build.0 = Release|Any CPU
		{7D00E1FE-2CBC-498F-AB4B-9A27EA5B4BDD}.Debug|Any CPU.ActiveCfg = Debug|Any CPU
		{7D00E1FE-2CBC-498F-AB4B-9A27EA5B4BDD}.Debug|Any CPU.Build.0 = Debug|Any CPU
		{7D00E1FE-2CBC-498F-AB4B-9A27EA5B4BDD}.Release|Any CPU.ActiveCfg = Release|Any CPU
		{7D00E1FE-2CBC-498F-AB4B-9A27EA5B4BDD}.Release|Any CPU.Build.0 = Release|Any CPU
		{A07304D0-3DEB-421B-9B0D-29BB3187BDA2}.Debug|Any CPU.ActiveCfg = Debug|Any CPU
		{A07304D0-3DEB-421B-9B0D-29BB3187BDA2}.Debug|Any CPU.Build.0 = Debug|Any CPU
		{A07304D0-3DEB-421B-9B0D-29BB3187BDA2}.Release|Any CPU.ActiveCfg = Release|Any CPU
		{A07304D0-3DEB-421B-9B0D-29BB3187BDA2}.Release|Any CPU.Build.0 = Release|Any CPU
		{A5828973-AB20-427E-B68C-B1DD1CEB9D13}.Debug|Any CPU.ActiveCfg = Debug|Any CPU
		{A5828973-AB20-427E-B68C-B1DD1CEB9D13}.Debug|Any CPU.Build.0 = Debug|Any CPU
		{A5828973-AB20-427E-B68C-B1DD1CEB9D13}.Release|Any CPU.ActiveCfg = Release|Any CPU
		{A5828973-AB20-427E-B68C-B1DD1CEB9D13}.Release|Any CPU.Build.0 = Release|Any CPU
		{6062A3BF-4C02-426A-A8A6-6D4D22829403}.Debug|Any CPU.ActiveCfg = Debug|Any CPU
		{6062A3BF-4C02-426A-A8A6-6D4D22829403}.Debug|Any CPU.Build.0 = Debug|Any CPU
		{6062A3BF-4C02-426A-A8A6-6D4D22829403}.Release|Any CPU.ActiveCfg = Release|Any CPU
		{6062A3BF-4C02-426A-A8A6-6D4D22829403}.Release|Any CPU.Build.0 = Release|Any CPU
		{09757C9E-61E1-4643-9DD9-4C3E85C0BDA5}.Debug|Any CPU.ActiveCfg = Debug|Any CPU
		{09757C9E-61E1-4643-9DD9-4C3E85C0BDA5}.Debug|Any CPU.Build.0 = Debug|Any CPU
		{09757C9E-61E1-4643-9DD9-4C3E85C0BDA5}.Release|Any CPU.ActiveCfg = Release|Any CPU
		{09757C9E-61E1-4643-9DD9-4C3E85C0BDA5}.Release|Any CPU.Build.0 = Release|Any CPU
		{249C0B7F-7C0F-4B57-BDF9-A3AC688FD9A3}.Debug|Any CPU.ActiveCfg = Debug|Any CPU
		{249C0B7F-7C0F-4B57-BDF9-A3AC688FD9A3}.Debug|Any CPU.Build.0 = Debug|Any CPU
		{249C0B7F-7C0F-4B57-BDF9-A3AC688FD9A3}.Release|Any CPU.ActiveCfg = Release|Any CPU
		{249C0B7F-7C0F-4B57-BDF9-A3AC688FD9A3}.Release|Any CPU.Build.0 = Release|Any CPU
	EndGlobalSection
	GlobalSection(SolutionProperties) = preSolution
		HideSolutionNode = FALSE
	EndGlobalSection
	GlobalSection(NestedProjects) = preSolution
		{2B9D1BC7-6998-486F-95D6-419C708FCB36} = {68962122-E4EC-46BE-BA87-A97EFD07E5C3}
		{68962122-E4EC-46BE-BA87-A97EFD07E5C3} = {E8F0E3B5-ACBB-4E6E-B651-C30E8A449256}
		{5B07DB40-6B0B-4A47-AA36-C30F72BCA82F} = {E8F0E3B5-ACBB-4E6E-B651-C30E8A449256}
		{25D1A5D6-C91E-4129-AFC6-0D2E039FA701} = {E8F0E3B5-ACBB-4E6E-B651-C30E8A449256}
		{3D683F3B-6D70-42B2-B9E5-6CFBE2929F05} = {E8F0E3B5-ACBB-4E6E-B651-C30E8A449256}
		{A16BA6EE-54C7-41CA-BAFD-1A738E414306} = {68962122-E4EC-46BE-BA87-A97EFD07E5C3}
		{7D00E1FE-2CBC-498F-AB4B-9A27EA5B4BDD} = {68962122-E4EC-46BE-BA87-A97EFD07E5C3}
		{A07304D0-3DEB-421B-9B0D-29BB3187BDA2} = {5B07DB40-6B0B-4A47-AA36-C30F72BCA82F}
		{A5828973-AB20-427E-B68C-B1DD1CEB9D13} = {5B07DB40-6B0B-4A47-AA36-C30F72BCA82F}
		{6062A3BF-4C02-426A-A8A6-6D4D22829403} = {5B07DB40-6B0B-4A47-AA36-C30F72BCA82F}
		{09757C9E-61E1-4643-9DD9-4C3E85C0BDA5} = {25D1A5D6-C91E-4129-AFC6-0D2E039FA701}
		{249C0B7F-7C0F-4B57-BDF9-A3AC688FD9A3} = {3D683F3B-6D70-42B2-B9E5-6CFBE2929F05}
	EndGlobalSection
	GlobalSection(ExtensibilityGlobals) = postSolution
		SolutionGuid = {992C7A57-35EC-4A5B-BA2B-4AE31590A22A}
	EndGlobalSection
EndGlobal
